
Microsoft Visual Studio Solution File, Format Version 12.00
# Visual Studio 15
VisualStudioVersion = 15.0.28307.489
MinimumVisualStudioVersion = 10.0.40219.1
Project("{FAE04EC0-301F-11D3-BF4B-00C04F79EFBC}") = "Banishment", "190320 Banishment移植\Banishment.csproj", "{0AFFF854-981C-4E3F-82D0-8FDE5F57C088}"
EndProject
Project("{54435603-DBB4-11D2-8724-00A0C9A8B90C}") = "Setup for Banishment", "Setup for Banishment\Setup for Banishment.vdproj", "{166D8230-BFD4-4D74-83DA-897BB6EC2DE6}"
EndProject
Project("{FAE04EC0-301F-11D3-BF4B-00C04F79EFBC}") = "BanishmentImageDll", "BanishmentImageDll\BanishmentImageDll.csproj", "{8D1B487A-E538-4AF0-A285-32B34D3DFB4F}"
EndProject
Project("{FAE04EC0-301F-11D3-BF4B-00C04F79EFBC}") = "BanishmentVerifyDll", "BanishmentVerifyDll\BanishmentVerifyDll.csproj", "{55072412-EAC8-4B0E-90D8-95EE492B54CD}"
EndProject
Project("{FAE04EC0-301F-11D3-BF4B-00C04F79EFBC}") = "BanishmentBaseDll", "BanishmentBaseDll\BanishmentBaseDll.csproj", "{6C79AA21-2AA4-4E0C-9548-11B1339D1479}"
EndProject
Project("{FAE04EC0-301F-11D3-BF4B-00C04F79EFBC}") = "BanishmentMailDll", "BanishmentMailDll\BanishmentMailDll.csproj", "{541CDFF1-C2C6-4E00-AA09-E26B1768992A}"
EndProject
Global
	GlobalSection(SolutionConfigurationPlatforms) = preSolution
		Debug|Any CPU = Debug|Any CPU
		Debug|x86 = Debug|x86
		Release|Any CPU = Release|Any CPU
		Release|x86 = Release|x86
	EndGlobalSection
	GlobalSection(ProjectConfigurationPlatforms) = postSolution
		{0AFFF854-981C-4E3F-82D0-8FDE5F57C088}.Debug|Any CPU.ActiveCfg = Debug|Any CPU
		{0AFFF854-981C-4E3F-82D0-8FDE5F57C088}.Debug|Any CPU.Build.0 = Debug|Any CPU
		{0AFFF854-981C-4E3F-82D0-8FDE5F57C088}.Debug|x86.ActiveCfg = Debug|x86
		{0AFFF854-981C-4E3F-82D0-8FDE5F57C088}.Debug|x86.Build.0 = Debug|x86
		{0AFFF854-981C-4E3F-82D0-8FDE5F57C088}.Release|Any CPU.ActiveCfg = Release|Any CPU
		{0AFFF854-981C-4E3F-82D0-8FDE5F57C088}.Release|Any CPU.Build.0 = Release|Any CPU
		{0AFFF854-981C-4E3F-82D0-8FDE5F57C088}.Release|x86.ActiveCfg = Release|x86
		{0AFFF854-981C-4E3F-82D0-8FDE5F57C088}.Release|x86.Build.0 = Release|x86
		{166D8230-BFD4-4D74-83DA-897BB6EC2DE6}.Debug|Any CPU.ActiveCfg = Debug
		{166D8230-BFD4-4D74-83DA-897BB6EC2DE6}.Debug|x86.ActiveCfg = Debug
		{166D8230-BFD4-4D74-83DA-897BB6EC2DE6}.Release|Any CPU.ActiveCfg = Release
		{166D8230-BFD4-4D74-83DA-897BB6EC2DE6}.Release|x86.ActiveCfg = Release
		{8D1B487A-E538-4AF0-A285-32B34D3DFB4F}.Debug|Any CPU.ActiveCfg = Debug|Any CPU
		{8D1B487A-E538-4AF0-A285-32B34D3DFB4F}.Debug|Any CPU.Build.0 = Debug|Any CPU
		{8D1B487A-E538-4AF0-A285-32B34D3DFB4F}.Debug|x86.ActiveCfg = Debug|Any CPU
		{8D1B487A-E538-4AF0-A285-32B34D3DFB4F}.Debug|x86.Build.0 = Debug|Any CPU
		{8D1B487A-E538-4AF0-A285-32B34D3DFB4F}.Release|Any CPU.ActiveCfg = Release|Any CPU
		{8D1B487A-E538-4AF0-A285-32B34D3DFB4F}.Release|Any CPU.Build.0 = Release|Any CPU
		{8D1B487A-E538-4AF0-A285-32B34D3DFB4F}.Release|x86.ActiveCfg = Release|Any CPU
		{8D1B487A-E538-4AF0-A285-32B34D3DFB4F}.Release|x86.Build.0 = Release|Any CPU
		{55072412-EAC8-4B0E-90D8-95EE492B54CD}.Debug|Any CPU.ActiveCfg = Debug|Any CPU
		{55072412-EAC8-4B0E-90D8-95EE492B54CD}.Debug|Any CPU.Build.0 = Debug|Any CPU
		{55072412-EAC8-4B0E-90D8-95EE492B54CD}.Debug|x86.ActiveCfg = Debug|Any CPU
		{55072412-EAC8-4B0E-90D8-95EE492B54CD}.Debug|x86.Build.0 = Debug|Any CPU
		{55072412-EAC8-4B0E-90D8-95EE492B54CD}.Release|Any CPU.ActiveCfg = Release|Any CPU
		{55072412-EAC8-4B0E-90D8-95EE492B54CD}.Release|Any CPU.Build.0 = Release|Any CPU
		{55072412-EAC8-4B0E-90D8-95EE492B54CD}.Release|x86.ActiveCfg = Release|Any CPU
		{55072412-EAC8-4B0E-90D8-95EE492B54CD}.Release|x86.Build.0 = Release|Any CPU
		{6C79AA21-2AA4-4E0C-9548-11B1339D1479}.Debug|Any CPU.ActiveCfg = Debug|Any CPU
		{6C79AA21-2AA4-4E0C-9548-11B1339D1479}.Debug|Any CPU.Build.0 = Debug|Any CPU
		{6C79AA21-2AA4-4E0C-9548-11B1339D1479}.Debug|x86.ActiveCfg = Debug|Any CPU
		{6C79AA21-2AA4-4E0C-9548-11B1339D1479}.Debug|x86.Build.0 = Debug|Any CPU
		{6C79AA21-2AA4-4E0C-9548-11B1339D1479}.Release|Any CPU.ActiveCfg = Release|Any CPU
		{6C79AA21-2AA4-4E0C-9548-11B1339D1479}.Release|Any CPU.Build.0 = Release|Any CPU
		{6C79AA21-2AA4-4E0C-9548-11B1339D1479}.Release|x86.ActiveCfg = Release|Any CPU
		{6C79AA21-2AA4-4E0C-9548-11B1339D1479}.Release|x86.Build.0 = Release|Any CPU
		{541CDFF1-C2C6-4E00-AA09-E26B1768992A}.Debug|Any CPU.ActiveCfg = Debug|Any CPU
		{541CDFF1-C2C6-4E00-AA09-E26B1768992A}.Debug|Any CPU.Build.0 = Debug|Any CPU
		{541CDFF1-C2C6-4E00-AA09-E26B1768992A}.Debug|x86.ActiveCfg = Debug|Any CPU
		{541CDFF1-C2C6-4E00-AA09-E26B1768992A}.Debug|x86.Build.0 = Debug|Any CPU
		{541CDFF1-C2C6-4E00-AA09-E26B1768992A}.Release|Any CPU.ActiveCfg = Release|Any CPU
		{541CDFF1-C2C6-4E00-AA09-E26B1768992A}.Release|Any CPU.Build.0 = Release|Any CPU
		{541CDFF1-C2C6-4E00-AA09-E26B1768992A}.Release|x86.ActiveCfg = Release|Any CPU
		{541CDFF1-C2C6-4E00-AA09-E26B1768992A}.Release|x86.Build.0 = Release|Any CPU
	EndGlobalSection
	GlobalSection(SolutionProperties) = preSolution
		HideSolutionNode = FALSE
	EndGlobalSection
	GlobalSection(ExtensibilityGlobals) = postSolution
		SolutionGuid = {4850472A-6BF9-4CED-9860-1F190EA08EBC}
	EndGlobalSection
EndGlobal
